// !$*UTF8*$!
{
	archiveVersion = 1;
	classes = {
	};
	objectVersion = 46;
	objects = {

/* Begin PBXBuildFile section */
		2342425A1CB8A0E000C82160 /* Comment.storyboard in Resources */ = {isa = PBXBuildFile; fileRef = 234242591CB8A0E000C82160 /* Comment.storyboard */; };
		2342425C1CB8A11100C82160 /* Grid.storyboard in Resources */ = {isa = PBXBuildFile; fileRef = 2342425B1CB8A11100C82160 /* Grid.storyboard */; };
		2342425E1CB8A15200C82160 /* PhotoCreation.storyboard in Resources */ = {isa = PBXBuildFile; fileRef = 2342425D1CB8A15200C82160 /* PhotoCreation.storyboard */; };
		238F52941CBEEDDA000A3D61 /* NewTextView.m in Sources */ = {isa = PBXBuildFile; fileRef = 238F52931CBEEDDA000A3D61 /* NewTextView.m */; };
		238F52A51CC01056000A3D61 /* Comment.m in Sources */ = {isa = PBXBuildFile; fileRef = 238F52961CC01056000A3D61 /* Comment.m */; };
		238F52A61CC01056000A3D61 /* Comment+CoreDataProperties.m in Sources */ = {isa = PBXBuildFile; fileRef = 238F52981CC01056000A3D61 /* Comment+CoreDataProperties.m */; };
		238F52A71CC01056000A3D61 /* Like.m in Sources */ = {isa = PBXBuildFile; fileRef = 238F529A1CC01056000A3D61 /* Like.m */; };
		238F52A81CC01056000A3D61 /* Like+CoreDataProperties.m in Sources */ = {isa = PBXBuildFile; fileRef = 238F529C1CC01056000A3D61 /* Like+CoreDataProperties.m */; };
		238F52A91CC01056000A3D61 /* Photo.m in Sources */ = {isa = PBXBuildFile; fileRef = 238F529E1CC01056000A3D61 /* Photo.m */; };
		238F52AA1CC01056000A3D61 /* Photo+CoreDataProperties.m in Sources */ = {isa = PBXBuildFile; fileRef = 238F52A01CC01056000A3D61 /* Photo+CoreDataProperties.m */; };
		238F52AB1CC01056000A3D61 /* User.m in Sources */ = {isa = PBXBuildFile; fileRef = 238F52A21CC01056000A3D61 /* User.m */; };
		238F52AC1CC01056000A3D61 /* User+CoreDataProperties.m in Sources */ = {isa = PBXBuildFile; fileRef = 238F52A41CC01056000A3D61 /* User+CoreDataProperties.m */; };
		238F52AF1CC0106C000A3D61 /* videoCellTableViewCell.m in Sources */ = {isa = PBXBuildFile; fileRef = 238F52AE1CC0106C000A3D61 /* videoCellTableViewCell.m */; };
		23E2CE9A1CBEB9B400ACCDDE /* Hashtag.m in Sources */ = {isa = PBXBuildFile; fileRef = 23E2CE951CBEB9B400ACCDDE /* Hashtag.m */; };
		23E2CE9B1CBEB9B400ACCDDE /* HashtagViewController.m in Sources */ = {isa = PBXBuildFile; fileRef = 23E2CE971CBEB9B400ACCDDE /* HashtagViewController.m */; };
		7B5726B31CB97B83005D5F26 /* CommentCellTableViewCell.m in Sources */ = {isa = PBXBuildFile; fileRef = 7B5726B21CB97B83005D5F26 /* CommentCellTableViewCell.m */; };
		D80F97C21CB71D9B00072623 /* main.m in Sources */ = {isa = PBXBuildFile; fileRef = D80F97C11CB71D9B00072623 /* main.m */; };
		D80F97C51CB71D9B00072623 /* AppDelegate.m in Sources */ = {isa = PBXBuildFile; fileRef = D80F97C41CB71D9B00072623 /* AppDelegate.m */; };
		D80F97CE1CB71D9B00072623 /* InstagramClone.xcdatamodeld in Sources */ = {isa = PBXBuildFile; fileRef = D80F97CC1CB71D9B00072623 /* InstagramClone.xcdatamodeld */; };
		D80F97D01CB71D9B00072623 /* Assets.xcassets in Resources */ = {isa = PBXBuildFile; fileRef = D80F97CF1CB71D9B00072623 /* Assets.xcassets */; };
		D80F97D31CB71D9B00072623 /* LaunchScreen.storyboard in Resources */ = {isa = PBXBuildFile; fileRef = D80F97D11CB71D9B00072623 /* LaunchScreen.storyboard */; };
		D80F97F51CB722FE00072623 /* HomeViewController.m in Sources */ = {isa = PBXBuildFile; fileRef = D80F97F41CB722FE00072623 /* HomeViewController.m */; };
		D80F97F81CB7230A00072623 /* GridViewController.m in Sources */ = {isa = PBXBuildFile; fileRef = D80F97F71CB7230A00072623 /* GridViewController.m */; };
		D80F97FB1CB7231400072623 /* CommentViewController.m in Sources */ = {isa = PBXBuildFile; fileRef = D80F97FA1CB7231400072623 /* CommentViewController.m */; };
		D80F98041CB7236E00072623 /* FinalizeViewController.m in Sources */ = {isa = PBXBuildFile; fileRef = D80F98031CB7236E00072623 /* FinalizeViewController.m */; };
		D80F98091CB7371A00072623 /* Main.storyboard in Resources */ = {isa = PBXBuildFile; fileRef = D80F98081CB7371A00072623 /* Main.storyboard */; };
		D80F980C1CB7399C00072623 /* AddPhotoViewController.m in Sources */ = {isa = PBXBuildFile; fileRef = D80F980B1CB7399C00072623 /* AddPhotoViewController.m */; };
		D85D1B261CB98B79000D9E31 /* PhotoTableViewCell.m in Sources */ = {isa = PBXBuildFile; fileRef = D85D1B251CB98B79000D9E31 /* PhotoTableViewCell.m */; };
		D88E87AC1CBDB70900AB7010 /* billabong.ttf in Resources */ = {isa = PBXBuildFile; fileRef = D88E87A91CBDB70900AB7010 /* billabong.ttf */; };
		D88E87AD1CBDB70900AB7010 /* Gotham Narrow Book.otf in Resources */ = {isa = PBXBuildFile; fileRef = D88E87AA1CBDB70900AB7010 /* Gotham Narrow Book.otf */; };
		D88E87AE1CBDB70900AB7010 /* GOTHAM-MEDIUM.TTF in Resources */ = {isa = PBXBuildFile; fileRef = D88E87AB1CBDB70900AB7010 /* GOTHAM-MEDIUM.TTF */; };
		D8BE28AF1CB9ACE9002C7500 /* GridCollectionViewCell.m in Sources */ = {isa = PBXBuildFile; fileRef = D8BE28AC1CB9ACE9002C7500 /* GridCollectionViewCell.m */; };
		D8BE28B01CB9ACE9002C7500 /* GridCollectionViewFlowLayout.m in Sources */ = {isa = PBXBuildFile; fileRef = D8BE28AE1CB9ACE9002C7500 /* GridCollectionViewFlowLayout.m */; };
		D8F6C24C1CBB13F7006ABEA6 /* ZoomImageViewController.m in Sources */ = {isa = PBXBuildFile; fileRef = D8F6C24B1CBB13F7006ABEA6 /* ZoomImageViewController.m */; };
/* End PBXBuildFile section */

/* Begin PBXFileReference section */
		234242591CB8A0E000C82160 /* Comment.storyboard */ = {isa = PBXFileReference; fileEncoding = 4; lastKnownFileType = file.storyboard; path = Comment.storyboard; sourceTree = "<group>"; };
		2342425B1CB8A11100C82160 /* Grid.storyboard */ = {isa = PBXFileReference; fileEncoding = 4; lastKnownFileType = file.storyboard; path = Grid.storyboard; sourceTree = "<group>"; };
		2342425D1CB8A15200C82160 /* PhotoCreation.storyboard */ = {isa = PBXFileReference; fileEncoding = 4; lastKnownFileType = file.storyboard; path = PhotoCreation.storyboard; sourceTree = "<group>"; };
		238F52921CBEEDDA000A3D61 /* NewTextView.h */ = {isa = PBXFileReference; fileEncoding = 4; lastKnownFileType = sourcecode.c.h; path = NewTextView.h; sourceTree = "<group>"; };
		238F52931CBEEDDA000A3D61 /* NewTextView.m */ = {isa = PBXFileReference; fileEncoding = 4; lastKnownFileType = sourcecode.c.objc; path = NewTextView.m; sourceTree = "<group>"; };
		238F52951CC01056000A3D61 /* Comment.h */ = {isa = PBXFileReference; fileEncoding = 4; lastKnownFileType = sourcecode.c.h; path = Comment.h; sourceTree = "<group>"; };
		238F52961CC01056000A3D61 /* Comment.m */ = {isa = PBXFileReference; fileEncoding = 4; lastKnownFileType = sourcecode.c.objc; path = Comment.m; sourceTree = "<group>"; };
		238F52971CC01056000A3D61 /* Comment+CoreDataProperties.h */ = {isa = PBXFileReference; fileEncoding = 4; lastKnownFileType = sourcecode.c.h; path = "Comment+CoreDataProperties.h"; sourceTree = "<group>"; };
		238F52981CC01056000A3D61 /* Comment+CoreDataProperties.m */ = {isa = PBXFileReference; fileEncoding = 4; lastKnownFileType = sourcecode.c.objc; path = "Comment+CoreDataProperties.m"; sourceTree = "<group>"; };
		238F52991CC01056000A3D61 /* Like.h */ = {isa = PBXFileReference; fileEncoding = 4; lastKnownFileType = sourcecode.c.h; path = Like.h; sourceTree = "<group>"; };
		238F529A1CC01056000A3D61 /* Like.m */ = {isa = PBXFileReference; fileEncoding = 4; lastKnownFileType = sourcecode.c.objc; path = Like.m; sourceTree = "<group>"; };
		238F529B1CC01056000A3D61 /* Like+CoreDataProperties.h */ = {isa = PBXFileReference; fileEncoding = 4; lastKnownFileType = sourcecode.c.h; path = "Like+CoreDataProperties.h"; sourceTree = "<group>"; };
		238F529C1CC01056000A3D61 /* Like+CoreDataProperties.m */ = {isa = PBXFileReference; fileEncoding = 4; lastKnownFileType = sourcecode.c.objc; path = "Like+CoreDataProperties.m"; sourceTree = "<group>"; };
		238F529D1CC01056000A3D61 /* Photo.h */ = {isa = PBXFileReference; fileEncoding = 4; lastKnownFileType = sourcecode.c.h; path = Photo.h; sourceTree = "<group>"; };
		238F529E1CC01056000A3D61 /* Photo.m */ = {isa = PBXFileReference; fileEncoding = 4; lastKnownFileType = sourcecode.c.objc; path = Photo.m; sourceTree = "<group>"; };
		238F529F1CC01056000A3D61 /* Photo+CoreDataProperties.h */ = {isa = PBXFileReference; fileEncoding = 4; lastKnownFileType = sourcecode.c.h; path = "Photo+CoreDataProperties.h"; sourceTree = "<group>"; };
		238F52A01CC01056000A3D61 /* Photo+CoreDataProperties.m */ = {isa = PBXFileReference; fileEncoding = 4; lastKnownFileType = sourcecode.c.objc; path = "Photo+CoreDataProperties.m"; sourceTree = "<group>"; };
		238F52A11CC01056000A3D61 /* User.h */ = {isa = PBXFileReference; fileEncoding = 4; lastKnownFileType = sourcecode.c.h; path = User.h; sourceTree = "<group>"; };
		238F52A21CC01056000A3D61 /* User.m */ = {isa = PBXFileReference; fileEncoding = 4; lastKnownFileType = sourcecode.c.objc; path = User.m; sourceTree = "<group>"; };
		238F52A31CC01056000A3D61 /* User+CoreDataProperties.h */ = {isa = PBXFileReference; fileEncoding = 4; lastKnownFileType = sourcecode.c.h; path = "User+CoreDataProperties.h"; sourceTree = "<group>"; };
		238F52A41CC01056000A3D61 /* User+CoreDataProperties.m */ = {isa = PBXFileReference; fileEncoding = 4; lastKnownFileType = sourcecode.c.objc; path = "User+CoreDataProperties.m"; sourceTree = "<group>"; };
		238F52AD1CC0106C000A3D61 /* videoCellTableViewCell.h */ = {isa = PBXFileReference; fileEncoding = 4; lastKnownFileType = sourcecode.c.h; path = videoCellTableViewCell.h; sourceTree = "<group>"; };
		238F52AE1CC0106C000A3D61 /* videoCellTableViewCell.m */ = {isa = PBXFileReference; fileEncoding = 4; lastKnownFileType = sourcecode.c.objc; path = videoCellTableViewCell.m; sourceTree = "<group>"; };
		23E2CE941CBEB9B400ACCDDE /* Hashtag.h */ = {isa = PBXFileReference; fileEncoding = 4; lastKnownFileType = sourcecode.c.h; path = Hashtag.h; sourceTree = "<group>"; };
		23E2CE951CBEB9B400ACCDDE /* Hashtag.m */ = {isa = PBXFileReference; fileEncoding = 4; lastKnownFileType = sourcecode.c.objc; path = Hashtag.m; sourceTree = "<group>"; };
		23E2CE961CBEB9B400ACCDDE /* HashtagViewController.h */ = {isa = PBXFileReference; fileEncoding = 4; lastKnownFileType = sourcecode.c.h; path = HashtagViewController.h; sourceTree = "<group>"; };
		23E2CE971CBEB9B400ACCDDE /* HashtagViewController.m */ = {isa = PBXFileReference; fileEncoding = 4; lastKnownFileType = sourcecode.c.objc; path = HashtagViewController.m; sourceTree = "<group>"; };
		7B5726B11CB97B83005D5F26 /* CommentCellTableViewCell.h */ = {isa = PBXFileReference; fileEncoding = 4; lastKnownFileType = sourcecode.c.h; path = CommentCellTableViewCell.h; sourceTree = "<group>"; };
		7B5726B21CB97B83005D5F26 /* CommentCellTableViewCell.m */ = {isa = PBXFileReference; fileEncoding = 4; lastKnownFileType = sourcecode.c.objc; path = CommentCellTableViewCell.m; sourceTree = "<group>"; };
		D80F97BD1CB71D9B00072623 /* InstagramClone.app */ = {isa = PBXFileReference; explicitFileType = wrapper.application; includeInIndex = 0; path = InstagramClone.app; sourceTree = BUILT_PRODUCTS_DIR; };
		D80F97C11CB71D9B00072623 /* main.m */ = {isa = PBXFileReference; lastKnownFileType = sourcecode.c.objc; path = main.m; sourceTree = "<group>"; };
		D80F97C31CB71D9B00072623 /* AppDelegate.h */ = {isa = PBXFileReference; lastKnownFileType = sourcecode.c.h; path = AppDelegate.h; sourceTree = "<group>"; };
		D80F97C41CB71D9B00072623 /* AppDelegate.m */ = {isa = PBXFileReference; lastKnownFileType = sourcecode.c.objc; path = AppDelegate.m; sourceTree = "<group>"; };
		D80F97CD1CB71D9B00072623 /* InstagramClone.xcdatamodel */ = {isa = PBXFileReference; lastKnownFileType = wrapper.xcdatamodel; path = InstagramClone.xcdatamodel; sourceTree = "<group>"; };
		D80F97CF1CB71D9B00072623 /* Assets.xcassets */ = {isa = PBXFileReference; lastKnownFileType = folder.assetcatalog; path = Assets.xcassets; sourceTree = "<group>"; };
		D80F97D21CB71D9B00072623 /* Base */ = {isa = PBXFileReference; lastKnownFileType = file.storyboard; name = Base; path = Base.lproj/LaunchScreen.storyboard; sourceTree = "<group>"; };
		D80F97D41CB71D9B00072623 /* Info.plist */ = {isa = PBXFileReference; lastKnownFileType = text.plist.xml; path = Info.plist; sourceTree = "<group>"; };
		D80F97F31CB722FE00072623 /* HomeViewController.h */ = {isa = PBXFileReference; fileEncoding = 4; lastKnownFileType = sourcecode.c.h; name = HomeViewController.h; path = ../HomeViewController.h; sourceTree = "<group>"; };
		D80F97F41CB722FE00072623 /* HomeViewController.m */ = {isa = PBXFileReference; fileEncoding = 4; lastKnownFileType = sourcecode.c.objc; name = HomeViewController.m; path = ../HomeViewController.m; sourceTree = "<group>"; };
		D80F97F61CB7230A00072623 /* GridViewController.h */ = {isa = PBXFileReference; fileEncoding = 4; lastKnownFileType = sourcecode.c.h; name = GridViewController.h; path = ../GridViewController.h; sourceTree = "<group>"; };
		D80F97F71CB7230A00072623 /* GridViewController.m */ = {isa = PBXFileReference; fileEncoding = 4; lastKnownFileType = sourcecode.c.objc; name = GridViewController.m; path = ../GridViewController.m; sourceTree = "<group>"; };
		D80F97F91CB7231400072623 /* CommentViewController.h */ = {isa = PBXFileReference; fileEncoding = 4; lastKnownFileType = sourcecode.c.h; name = CommentViewController.h; path = ../CommentViewController.h; sourceTree = "<group>"; };
		D80F97FA1CB7231400072623 /* CommentViewController.m */ = {isa = PBXFileReference; fileEncoding = 4; lastKnownFileType = sourcecode.c.objc; name = CommentViewController.m; path = ../CommentViewController.m; sourceTree = "<group>"; };
		D80F98021CB7236E00072623 /* FinalizeViewController.h */ = {isa = PBXFileReference; fileEncoding = 4; lastKnownFileType = sourcecode.c.h; name = FinalizeViewController.h; path = ../FinalizeViewController.h; sourceTree = "<group>"; };
		D80F98031CB7236E00072623 /* FinalizeViewController.m */ = {isa = PBXFileReference; fileEncoding = 4; lastKnownFileType = sourcecode.c.objc; name = FinalizeViewController.m; path = ../FinalizeViewController.m; sourceTree = "<group>"; };
		D80F98081CB7371A00072623 /* Main.storyboard */ = {isa = PBXFileReference; fileEncoding = 4; lastKnownFileType = file.storyboard; path = Main.storyboard; sourceTree = "<group>"; };
		D80F980A1CB7399C00072623 /* AddPhotoViewController.h */ = {isa = PBXFileReference; fileEncoding = 4; lastKnownFileType = sourcecode.c.h; name = AddPhotoViewController.h; path = ../AddPhotoViewController.h; sourceTree = "<group>"; };
		D80F980B1CB7399C00072623 /* AddPhotoViewController.m */ = {isa = PBXFileReference; fileEncoding = 4; lastKnownFileType = sourcecode.c.objc; name = AddPhotoViewController.m; path = ../AddPhotoViewController.m; sourceTree = "<group>"; };
		D85D1B241CB98B79000D9E31 /* PhotoTableViewCell.h */ = {isa = PBXFileReference; fileEncoding = 4; lastKnownFileType = sourcecode.c.h; path = PhotoTableViewCell.h; sourceTree = "<group>"; };
		D85D1B251CB98B79000D9E31 /* PhotoTableViewCell.m */ = {isa = PBXFileReference; fileEncoding = 4; lastKnownFileType = sourcecode.c.objc; path = PhotoTableViewCell.m; sourceTree = "<group>"; };
		D88E87A91CBDB70900AB7010 /* billabong.ttf */ = {isa = PBXFileReference; lastKnownFileType = file; path = billabong.ttf; sourceTree = "<group>"; };
		D88E87AA1CBDB70900AB7010 /* Gotham Narrow Book.otf */ = {isa = PBXFileReference; lastKnownFileType = file; path = "Gotham Narrow Book.otf"; sourceTree = "<group>"; };
		D88E87AB1CBDB70900AB7010 /* GOTHAM-MEDIUM.TTF */ = {isa = PBXFileReference; lastKnownFileType = file; path = "GOTHAM-MEDIUM.TTF"; sourceTree = "<group>"; };
		D8BE28AB1CB9ACE9002C7500 /* GridCollectionViewCell.h */ = {isa = PBXFileReference; fileEncoding = 4; lastKnownFileType = sourcecode.c.h; name = GridCollectionViewCell.h; path = ../GridCollectionViewCell.h; sourceTree = "<group>"; };
		D8BE28AC1CB9ACE9002C7500 /* GridCollectionViewCell.m */ = {isa = PBXFileReference; fileEncoding = 4; lastKnownFileType = sourcecode.c.objc; name = GridCollectionViewCell.m; path = ../GridCollectionViewCell.m; sourceTree = "<group>"; };
		D8BE28AD1CB9ACE9002C7500 /* GridCollectionViewFlowLayout.h */ = {isa = PBXFileReference; fileEncoding = 4; lastKnownFileType = sourcecode.c.h; name = GridCollectionViewFlowLayout.h; path = ../GridCollectionViewFlowLayout.h; sourceTree = "<group>"; };
		D8BE28AE1CB9ACE9002C7500 /* GridCollectionViewFlowLayout.m */ = {isa = PBXFileReference; fileEncoding = 4; lastKnownFileType = sourcecode.c.objc; name = GridCollectionViewFlowLayout.m; path = ../GridCollectionViewFlowLayout.m; sourceTree = "<group>"; };
		D8F6C24A1CBB13F7006ABEA6 /* ZoomImageViewController.h */ = {isa = PBXFileReference; fileEncoding = 4; lastKnownFileType = sourcecode.c.h; name = ZoomImageViewController.h; path = ../ZoomImageViewController.h; sourceTree = "<group>"; };
		D8F6C24B1CBB13F7006ABEA6 /* ZoomImageViewController.m */ = {isa = PBXFileReference; fileEncoding = 4; lastKnownFileType = sourcecode.c.objc; name = ZoomImageViewController.m; path = ../ZoomImageViewController.m; sourceTree = "<group>"; };
/* End PBXFileReference section */

/* Begin PBXFrameworksBuildPhase section */
		D80F97BA1CB71D9B00072623 /* Frameworks */ = {
			isa = PBXFrameworksBuildPhase;
			buildActionMask = 2147483647;
			files = (
			);
			runOnlyForDeploymentPostprocessing = 0;
		};
/* End PBXFrameworksBuildPhase section */

/* Begin PBXGroup section */
		23E2CE9D1CBEB9FF00ACCDDE /* View */ = {
			isa = PBXGroup;
			children = (
				238F52AD1CC0106C000A3D61 /* videoCellTableViewCell.h */,
				238F52AE1CC0106C000A3D61 /* videoCellTableViewCell.m */,
				D85D1B241CB98B79000D9E31 /* PhotoTableViewCell.h */,
				D85D1B251CB98B79000D9E31 /* PhotoTableViewCell.m */,
				D8BE28AB1CB9ACE9002C7500 /* GridCollectionViewCell.h */,
				D8BE28AC1CB9ACE9002C7500 /* GridCollectionViewCell.m */,
				D8BE28AD1CB9ACE9002C7500 /* GridCollectionViewFlowLayout.h */,
				D8BE28AE1CB9ACE9002C7500 /* GridCollectionViewFlowLayout.m */,
				7B5726B11CB97B83005D5F26 /* CommentCellTableViewCell.h */,
				7B5726B21CB97B83005D5F26 /* CommentCellTableViewCell.m */,
				238F52921CBEEDDA000A3D61 /* NewTextView.h */,
				238F52931CBEEDDA000A3D61 /* NewTextView.m */,
			);
			name = View;
			sourceTree = "<group>";
		};
		23E2CE9E1CBEBA2200ACCDDE /* Fonts */ = {
			isa = PBXGroup;
			children = (
				D88E87A91CBDB70900AB7010 /* billabong.ttf */,
				D88E87AA1CBDB70900AB7010 /* Gotham Narrow Book.otf */,
				D88E87AB1CBDB70900AB7010 /* GOTHAM-MEDIUM.TTF */,
			);
			name = Fonts;
			sourceTree = "<group>";
		};
		D80F97B41CB71D9B00072623 = {
			isa = PBXGroup;
			children = (
				D80F97BF1CB71D9B00072623 /* InstagramClone */,
				D80F97BE1CB71D9B00072623 /* Products */,
			);
			sourceTree = "<group>";
		};
		D80F97BE1CB71D9B00072623 /* Products */ = {
			isa = PBXGroup;
			children = (
				D80F97BD1CB71D9B00072623 /* InstagramClone.app */,
			);
			name = Products;
			sourceTree = "<group>";
		};
		D80F97BF1CB71D9B00072623 /* InstagramClone */ = {
			isa = PBXGroup;
			children = (
				23E2CE9E1CBEBA2200ACCDDE /* Fonts */,
				23E2CE9D1CBEB9FF00ACCDDE /* View */,
				D80F98051CB7237A00072623 /* Controller */,
				D80F97F21CB7222E00072623 /* Model */,
				D80F97C31CB71D9B00072623 /* AppDelegate.h */,
				D80F97C41CB71D9B00072623 /* AppDelegate.m */,
				D80F98081CB7371A00072623 /* Main.storyboard */,
				2342425B1CB8A11100C82160 /* Grid.storyboard */,
				2342425D1CB8A15200C82160 /* PhotoCreation.storyboard */,
				234242591CB8A0E000C82160 /* Comment.storyboard */,
				D80F97CF1CB71D9B00072623 /* Assets.xcassets */,
				D80F97D11CB71D9B00072623 /* LaunchScreen.storyboard */,
				D80F97D41CB71D9B00072623 /* Info.plist */,
				D80F97CC1CB71D9B00072623 /* InstagramClone.xcdatamodeld */,
				D80F97C01CB71D9B00072623 /* Supporting Files */,
			);
			path = InstagramClone;
			sourceTree = "<group>";
		};
		D80F97C01CB71D9B00072623 /* Supporting Files */ = {
			isa = PBXGroup;
			children = (
				D80F97C11CB71D9B00072623 /* main.m */,
			);
			name = "Supporting Files";
			sourceTree = "<group>";
		};
		D80F97F21CB7222E00072623 /* Model */ = {
			isa = PBXGroup;
			children = (
				238F52951CC01056000A3D61 /* Comment.h */,
				238F52961CC01056000A3D61 /* Comment.m */,
				238F52971CC01056000A3D61 /* Comment+CoreDataProperties.h */,
				238F52981CC01056000A3D61 /* Comment+CoreDataProperties.m */,
				238F52991CC01056000A3D61 /* Like.h */,
				238F529A1CC01056000A3D61 /* Like.m */,
				238F529B1CC01056000A3D61 /* Like+CoreDataProperties.h */,
				238F529C1CC01056000A3D61 /* Like+CoreDataProperties.m */,
				238F529D1CC01056000A3D61 /* Photo.h */,
				238F529E1CC01056000A3D61 /* Photo.m */,
				238F529F1CC01056000A3D61 /* Photo+CoreDataProperties.h */,
				238F52A01CC01056000A3D61 /* Photo+CoreDataProperties.m */,
				238F52A11CC01056000A3D61 /* User.h */,
				238F52A21CC01056000A3D61 /* User.m */,
				238F52A31CC01056000A3D61 /* User+CoreDataProperties.h */,
				238F52A41CC01056000A3D61 /* User+CoreDataProperties.m */,
				23E2CE941CBEB9B400ACCDDE /* Hashtag.h */,
				23E2CE951CBEB9B400ACCDDE /* Hashtag.m */,
			);
			name = Model;
			sourceTree = "<group>";
		};
		D80F98051CB7237A00072623 /* Controller */ = {
			isa = PBXGroup;
			children = (
				D80F97F31CB722FE00072623 /* HomeViewController.h */,
				D80F97F41CB722FE00072623 /* HomeViewController.m */,
				D80F97F61CB7230A00072623 /* GridViewController.h */,
				D80F97F71CB7230A00072623 /* GridViewController.m */,
				D8F6C24A1CBB13F7006ABEA6 /* ZoomImageViewController.h */,
				D8F6C24B1CBB13F7006ABEA6 /* ZoomImageViewController.m */,
				D80F97F91CB7231400072623 /* CommentViewController.h */,
				D80F97FA1CB7231400072623 /* CommentViewController.m */,
				D80F980A1CB7399C00072623 /* AddPhotoViewController.h */,
				D80F980B1CB7399C00072623 /* AddPhotoViewController.m */,
				D80F98021CB7236E00072623 /* FinalizeViewController.h */,
				D80F98031CB7236E00072623 /* FinalizeViewController.m */,
				23E2CE961CBEB9B400ACCDDE /* HashtagViewController.h */,
				23E2CE971CBEB9B400ACCDDE /* HashtagViewController.m */,
			);
			name = Controller;
			sourceTree = "<group>";
		};
/* End PBXGroup section */

/* Begin PBXNativeTarget section */
		D80F97BC1CB71D9B00072623 /* InstagramClone */ = {
			isa = PBXNativeTarget;
			buildConfigurationList = D80F97D71CB71D9B00072623 /* Build configuration list for PBXNativeTarget "InstagramClone" */;
			buildPhases = (
				D80F97B91CB71D9B00072623 /* Sources */,
				D80F97BA1CB71D9B00072623 /* Frameworks */,
				D80F97BB1CB71D9B00072623 /* Resources */,
			);
			buildRules = (
			);
			dependencies = (
			);
			name = InstagramClone;
			productName = InstagramClone;
			productReference = D80F97BD1CB71D9B00072623 /* InstagramClone.app */;
			productType = "com.apple.product-type.application";
		};
/* End PBXNativeTarget section */

/* Begin PBXProject section */
		D80F97B51CB71D9B00072623 /* Project object */ = {
			isa = PBXProject;
			attributes = {
				LastUpgradeCheck = 0730;
				ORGANIZATIONNAME = Team4;
				TargetAttributes = {
					D80F97BC1CB71D9B00072623 = {
						CreatedOnToolsVersion = 7.3;
						DevelopmentTeam = 2E2EPPUR37;
					};
				};
			};
			buildConfigurationList = D80F97B81CB71D9B00072623 /* Build configuration list for PBXProject "InstagramClone" */;
			compatibilityVersion = "Xcode 3.2";
			developmentRegion = English;
			hasScannedForEncodings = 0;
			knownRegions = (
				en,
				Base,
			);
			mainGroup = D80F97B41CB71D9B00072623;
			productRefGroup = D80F97BE1CB71D9B00072623 /* Products */;
			projectDirPath = "";
			projectRoot = "";
			targets = (
				D80F97BC1CB71D9B00072623 /* InstagramClone */,
			);
		};
/* End PBXProject section */

/* Begin PBXResourcesBuildPhase section */
		D80F97BB1CB71D9B00072623 /* Resources */ = {
			isa = PBXResourcesBuildPhase;
			buildActionMask = 2147483647;
			files = (
				2342425C1CB8A11100C82160 /* Grid.storyboard in Resources */,
				D88E87AD1CBDB70900AB7010 /* Gotham Narrow Book.otf in Resources */,
				D88E87AC1CBDB70900AB7010 /* billabong.ttf in Resources */,
				2342425E1CB8A15200C82160 /* PhotoCreation.storyboard in Resources */,
				D80F97D31CB71D9B00072623 /* LaunchScreen.storyboard in Resources */,
				D80F97D01CB71D9B00072623 /* Assets.xcassets in Resources */,
				D88E87AE1CBDB70900AB7010 /* GOTHAM-MEDIUM.TTF in Resources */,
				D80F98091CB7371A00072623 /* Main.storyboard in Resources */,
				2342425A1CB8A0E000C82160 /* Comment.storyboard in Resources */,
			);
			runOnlyForDeploymentPostprocessing = 0;
		};
/* End PBXResourcesBuildPhase section */

/* Begin PBXSourcesBuildPhase section */
		D80F97B91CB71D9B00072623 /* Sources */ = {
			isa = PBXSourcesBuildPhase;
			buildActionMask = 2147483647;
			files = (
				D80F98041CB7236E00072623 /* FinalizeViewController.m in Sources */,
				238F52941CBEEDDA000A3D61 /* NewTextView.m in Sources */,
				23E2CE9A1CBEB9B400ACCDDE /* Hashtag.m in Sources */,
				D8BE28AF1CB9ACE9002C7500 /* GridCollectionViewCell.m in Sources */,
				238F52A61CC01056000A3D61 /* Comment+CoreDataProperties.m in Sources */,
				D80F97FB1CB7231400072623 /* CommentViewController.m in Sources */,
				D85D1B261CB98B79000D9E31 /* PhotoTableViewCell.m in Sources */,
				D80F980C1CB7399C00072623 /* AddPhotoViewController.m in Sources */,
				238F52AB1CC01056000A3D61 /* User.m in Sources */,
				D8BE28B01CB9ACE9002C7500 /* GridCollectionViewFlowLayout.m in Sources */,
				238F52AC1CC01056000A3D61 /* User+CoreDataProperties.m in Sources */,
				7B5726B31CB97B83005D5F26 /* CommentCellTableViewCell.m in Sources */,
				238F52A51CC01056000A3D61 /* Comment.m in Sources */,
				238F52A91CC01056000A3D61 /* Photo.m in Sources */,
				238F52A71CC01056000A3D61 /* Like.m in Sources */,
				D8F6C24C1CBB13F7006ABEA6 /* ZoomImageViewController.m in Sources */,
				D80F97C51CB71D9B00072623 /* AppDelegate.m in Sources */,
				238F52A81CC01056000A3D61 /* Like+CoreDataProperties.m in Sources */,
				238F52AF1CC0106C000A3D61 /* videoCellTableViewCell.m in Sources */,
				D80F97F81CB7230A00072623 /* GridViewController.m in Sources */,
				D80F97CE1CB71D9B00072623 /* InstagramClone.xcdatamodeld in Sources */,
				238F52AA1CC01056000A3D61 /* Photo+CoreDataProperties.m in Sources */,
				D80F97C21CB71D9B00072623 /* main.m in Sources */,
				D80F97F51CB722FE00072623 /* HomeViewController.m in Sources */,
				23E2CE9B1CBEB9B400ACCDDE /* HashtagViewController.m in Sources */,
			);
			runOnlyForDeploymentPostprocessing = 0;
		};
/* End PBXSourcesBuildPhase section */

/* Begin PBXVariantGroup section */
		D80F97D11CB71D9B00072623 /* LaunchScreen.storyboard */ = {
			isa = PBXVariantGroup;
			children = (
				D80F97D21CB71D9B00072623 /* Base */,
			);
			name = LaunchScreen.storyboard;
			sourceTree = "<group>";
		};
/* End PBXVariantGroup section */

/* Begin XCBuildConfiguration section */
		D80F97D51CB71D9B00072623 /* Debug */ = {
			isa = XCBuildConfiguration;
			buildSettings = {
				ALWAYS_SEARCH_USER_PATHS = NO;
				CLANG_ANALYZER_NONNULL = YES;
				CLANG_CXX_LANGUAGE_STANDARD = "gnu++0x";
				CLANG_CXX_LIBRARY = "libc++";
				CLANG_ENABLE_MODULES = YES;
				CLANG_ENABLE_OBJC_ARC = YES;
				CLANG_WARN_BOOL_CONVERSION = YES;
				CLANG_WARN_CONSTANT_CONVERSION = YES;
				CLANG_WARN_DIRECT_OBJC_ISA_USAGE = YES_ERROR;
				CLANG_WARN_EMPTY_BODY = YES;
				CLANG_WARN_ENUM_CONVERSION = YES;
				CLANG_WARN_INT_CONVERSION = YES;
				CLANG_WARN_OBJC_ROOT_CLASS = YES_ERROR;
				CLANG_WARN_UNREACHABLE_CODE = YES;
				CLANG_WARN__DUPLICATE_METHOD_MATCH = YES;
				"CODE_SIGN_IDENTITY[sdk=iphoneos*]" = "iPhone Developer";
				COPY_PHASE_STRIP = NO;
				DEBUG_INFORMATION_FORMAT = dwarf;
				ENABLE_STRICT_OBJC_MSGSEND = YES;
				ENABLE_TESTABILITY = YES;
				GCC_C_LANGUAGE_STANDARD = gnu99;
				GCC_DYNAMIC_NO_PIC = NO;
				GCC_NO_COMMON_BLOCKS = YES;
				GCC_OPTIMIZATION_LEVEL = 0;
				GCC_PREPROCESSOR_DEFINITIONS = (
					"DEBUG=1",
					"$(inherited)",
				);
				GCC_WARN_64_TO_32_BIT_CONVERSION = YES;
				GCC_WARN_ABOUT_RETURN_TYPE = YES_ERROR;
				GCC_WARN_UNDECLARED_SELECTOR = YES;
				GCC_WARN_UNINITIALIZED_AUTOS = YES_AGGRESSIVE;
				GCC_WARN_UNUSED_FUNCTION = YES;
				GCC_WARN_UNUSED_VARIABLE = YES;
				IPHONEOS_DEPLOYMENT_TARGET = 9.3;
				MTL_ENABLE_DEBUG_INFO = YES;
				ONLY_ACTIVE_ARCH = YES;
				SDKROOT = iphoneos;
				TARGETED_DEVICE_FAMILY = "1,2";
			};
			name = Debug;
		};
		D80F97D61CB71D9B00072623 /* Release */ = {
			isa = XCBuildConfiguration;
			buildSettings = {
				ALWAYS_SEARCH_USER_PATHS = NO;
				CLANG_ANALYZER_NONNULL = YES;
				CLANG_CXX_LANGUAGE_STANDARD = "gnu++0x";
				CLANG_CXX_LIBRARY = "libc++";
				CLANG_ENABLE_MODULES = YES;
				CLANG_ENABLE_OBJC_ARC = YES;
				CLANG_WARN_BOOL_CONVERSION = YES;
				CLANG_WARN_CONSTANT_CONVERSION = YES;
				CLANG_WARN_DIRECT_OBJC_ISA_USAGE = YES_ERROR;
				CLANG_WARN_EMPTY_BODY = YES;
				CLANG_WARN_ENUM_CONVERSION = YES;
				CLANG_WARN_INT_CONVERSION = YES;
				CLANG_WARN_OBJC_ROOT_CLASS = YES_ERROR;
				CLANG_WARN_UNREACHABLE_CODE = YES;
				CLANG_WARN__DUPLICATE_METHOD_MATCH = YES;
				"CODE_SIGN_IDENTITY[sdk=iphoneos*]" = "iPhone Developer";
				COPY_PHASE_STRIP = NO;
				DEBUG_INFORMATION_FORMAT = "dwarf-with-dsym";
				ENABLE_NS_ASSERTIONS = NO;
				ENABLE_STRICT_OBJC_MSGSEND = YES;
				GCC_C_LANGUAGE_STANDARD = gnu99;
				GCC_NO_COMMON_BLOCKS = YES;
				GCC_WARN_64_TO_32_BIT_CONVERSION = YES;
				GCC_WARN_ABOUT_RETURN_TYPE = YES_ERROR;
				GCC_WARN_UNDECLARED_SELECTOR = YES;
				GCC_WARN_UNINITIALIZED_AUTOS = YES_AGGRESSIVE;
				GCC_WARN_UNUSED_FUNCTION = YES;
				GCC_WARN_UNUSED_VARIABLE = YES;
				IPHONEOS_DEPLOYMENT_TARGET = 9.3;
				MTL_ENABLE_DEBUG_INFO = NO;
				SDKROOT = iphoneos;
				TARGETED_DEVICE_FAMILY = "1,2";
				VALIDATE_PRODUCT = YES;
			};
			name = Release;
		};
		D80F97D81CB71D9B00072623 /* Debug */ = {
			isa = XCBuildConfiguration;
			buildSettings = {
				ASSETCATALOG_COMPILER_APPICON_NAME = AppIcon;
				CODE_SIGN_IDENTITY = "iPhone Developer";
				"CODE_SIGN_IDENTITY[sdk=iphoneos*]" = "iPhone Developer";
				INFOPLIST_FILE = InstagramClone/Info.plist;
				IPHONEOS_DEPLOYMENT_TARGET = 9.2;
				LD_RUNPATH_SEARCH_PATHS = "$(inherited) @executable_path/Frameworks";
				PRODUCT_BUNDLE_IDENTIFIER = com.download.InstagramClone;
				PRODUCT_NAME = "$(TARGET_NAME)";
				PROVISIONING_PROFILE = "";
			};
			name = Debug;
		};
		D80F97D91CB71D9B00072623 /* Release */ = {
			isa = XCBuildConfiguration;
			buildSettings = {
				ASSETCATALOG_COMPILER_APPICON_NAME = AppIcon;
				CODE_SIGN_IDENTITY = "iPhone Developer";
				"CODE_SIGN_IDENTITY[sdk=iphoneos*]" = "iPhone Developer";
				INFOPLIST_FILE = InstagramClone/Info.plist;
				IPHONEOS_DEPLOYMENT_TARGET = 9.2;
				LD_RUNPATH_SEARCH_PATHS = "$(inherited) @executable_path/Frameworks";
				PRODUCT_BUNDLE_IDENTIFIER = com.download.InstagramClone;
				PRODUCT_NAME = "$(TARGET_NAME)";
				PROVISIONING_PROFILE = "";
			};
			name = Release;
		};
/* End XCBuildConfiguration section */

/* Begin XCConfigurationList section */
		D80F97B81CB71D9B00072623 /* Build configuration list for PBXProject "InstagramClone" */ = {
			isa = XCConfigurationList;
			buildConfigurations = (
				D80F97D51CB71D9B00072623 /* Debug */,
				D80F97D61CB71D9B00072623 /* Release */,
			);
			defaultConfigurationIsVisible = 0;
			defaultConfigurationName = Release;
		};
		D80F97D71CB71D9B00072623 /* Build configuration list for PBXNativeTarget "InstagramClone" */ = {
			isa = XCConfigurationList;
			buildConfigurations = (
				D80F97D81CB71D9B00072623 /* Debug */,
				D80F97D91CB71D9B00072623 /* Release */,
			);
			defaultConfigurationIsVisible = 0;
			defaultConfigurationName = Release;
		};
/* End XCConfigurationList section */

/* Begin XCVersionGroup section */
		D80F97CC1CB71D9B00072623 /* InstagramClone.xcdatamodeld */ = {
			isa = XCVersionGroup;
			children = (
				D80F97CD1CB71D9B00072623 /* InstagramClone.xcdatamodel */,
			);
			currentVersion = D80F97CD1CB71D9B00072623 /* InstagramClone.xcdatamodel */;
			path = InstagramClone.xcdatamodeld;
			sourceTree = "<group>";
			versionGroupType = wrapper.xcdatamodel;
		};
/* End XCVersionGroup section */
	};
	rootObject = D80F97B51CB71D9B00072623 /* Project object */;
}
